# THIS IS AN AUTOGENERATED FILE. DO NOT EDIT THIS FILE DIRECTLY.
# yarn lockfile v1


"@babel/code-frame@^7.0.0":
  version "7.0.0"
  resolved "https://registry.yarnpkg.com/@babel/code-frame/-/code-frame-7.0.0.tgz#06e2ab19bdb535385559aabb5ba59729482800f8"
  dependencies:
    "@babel/highlight" "^7.0.0"

"@babel/highlight@^7.0.0":
  version "7.0.0"
  resolved "https://registry.yarnpkg.com/@babel/highlight/-/highlight-7.0.0.tgz#f710c38c8d458e6dd9a201afb637fcb781ce99e4"
  dependencies:
    chalk "^2.0.0"
    esutils "^2.0.2"
    js-tokens "^4.0.0"

"@types/color-name@^1.1.1":
  version "1.1.1"
  resolved "https://registry.yarnpkg.com/@types/color-name/-/color-name-1.1.1.tgz#1c1261bbeaa10a8055bbc5d8ab84b7b2afc846a0"

"@types/normalize-package-data@^2.4.0":
  version "2.4.0"
  resolved "https://registry.yarnpkg.com/@types/normalize-package-data/-/normalize-package-data-2.4.0.tgz#e486d0d97396d79beedd0a6e33f4534ff6b4973e"

acorn-jsx@^5.2.0:
  version "5.2.0"
  resolved "https://registry.yarnpkg.com/acorn-jsx/-/acorn-jsx-5.2.0.tgz#4c66069173d6fdd68ed85239fc256226182b2ebe"

acorn@^7.3.1:
  version "7.3.1"
  resolved "https://registry.yarnpkg.com/acorn/-/acorn-7.3.1.tgz#85010754db53c3fbaf3b9ea3e083aa5c5d147ffd"

ajv@^6.10.0, ajv@^6.10.2:
  version "6.12.2"
  resolved "https://registry.yarnpkg.com/ajv/-/ajv-6.12.2.tgz#c629c5eced17baf314437918d2da88c99d5958cd"
  dependencies:
    fast-deep-equal "^3.1.1"
    fast-json-stable-stringify "^2.0.0"
    json-schema-traverse "^0.4.1"
    uri-js "^4.2.2"

ansi-colors@^3.2.1:
  version "3.2.4"
  resolved "https://registry.yarnpkg.com/ansi-colors/-/ansi-colors-3.2.4.tgz#e3a3da4bfbae6c86a9c285625de124a234026fbf"

ansi-regex@^4.1.0:
  version "4.1.0"
  resolved "https://registry.yarnpkg.com/ansi-regex/-/ansi-regex-4.1.0.tgz#8b9f8f08cf1acb843756a839ca8c7e3168c51997"

ansi-regex@^5.0.0:
  version "5.0.0"
  resolved "https://registry.yarnpkg.com/ansi-regex/-/ansi-regex-5.0.0.tgz#388539f55179bf39339c81af30a654d69f87cb75"

ansi-styles@^3.2.0, ansi-styles@^3.2.1:
  version "3.2.1"
  resolved "https://registry.yarnpkg.com/ansi-styles/-/ansi-styles-3.2.1.tgz#41fbb20243e50b12be0f04b8dedbf07520ce841d"
  dependencies:
    color-convert "^1.9.0"

ansi-styles@^4.1.0:
  version "4.2.1"
  resolved "https://registry.yarnpkg.com/ansi-styles/-/ansi-styles-4.2.1.tgz#90ae75c424d008d2624c5bf29ead3177ebfcf359"
  dependencies:
    "@types/color-name" "^1.1.1"
    color-convert "^2.0.1"

argparse@^1.0.7:
  version "1.0.10"
  resolved "https://registry.yarnpkg.com/argparse/-/argparse-1.0.10.tgz#bcd6791ea5ae09725e17e5ad988134cd40b3d911"
  dependencies:
    sprintf-js "~1.0.2"

astral-regex@^1.0.0:
  version "1.0.0"
  resolved "https://registry.yarnpkg.com/astral-regex/-/astral-regex-1.0.0.tgz#6c8c3fb827dd43ee3918f27b82782ab7658a6fd9"

balanced-match@^1.0.0:
  version "1.0.0"
  resolved "https://registry.yarnpkg.com/balanced-match/-/balanced-match-1.0.0.tgz#89b4d199ab2bee49de164ea02b89ce462d71b767"

brace-expansion@^1.1.7:
  version "1.1.11"
  resolved "https://registry.yarnpkg.com/brace-expansion/-/brace-expansion-1.1.11.tgz#3c7fcbf529d87226f3d2f52b966ff5271eb441dd"
  dependencies:
    balanced-match "^1.0.0"
    concat-map "0.0.1"

callsites@^3.0.0:
  version "3.1.0"
  resolved "https://registry.yarnpkg.com/callsites/-/callsites-3.1.0.tgz#b3630abd8943432f54b3f0519238e33cd7df2f73"

chalk@^2.0.0:
  version "2.4.2"
  resolved "https://registry.yarnpkg.com/chalk/-/chalk-2.4.2.tgz#cd42541677a54333cf541a49108c1432b44c9424"
  dependencies:
    ansi-styles "^3.2.1"
    escape-string-regexp "^1.0.5"
    supports-color "^5.3.0"

chalk@^4.0.0:
  version "4.1.0"
  resolved "https://registry.yarnpkg.com/chalk/-/chalk-4.1.0.tgz#4e14870a618d9e2edd97dd8345fd9d9dc315646a"
  dependencies:
    ansi-styles "^4.1.0"
    supports-color "^7.1.0"

ci-info@^2.0.0:
  version "2.0.0"
  resolved "https://registry.yarnpkg.com/ci-info/-/ci-info-2.0.0.tgz#67a9e964be31a51e15e5010d58e6f12834002f46"

clean-regexp@^1.0.0:
  version "1.0.0"
  resolved "https://registry.yarnpkg.com/clean-regexp/-/clean-regexp-1.0.0.tgz#8df7c7aae51fd36874e8f8d05b9180bc11a3fed7"
  dependencies:
    escape-string-regexp "^1.0.5"

color-convert@^1.9.0:
  version "1.9.2"
  resolved "https://registry.yarnpkg.com/color-convert/-/color-convert-1.9.2.tgz#49881b8fba67df12a96bdf3f56c0aab9e7913147"
  dependencies:
    color-name "1.1.1"

color-convert@^2.0.1:
  version "2.0.1"
  resolved "https://registry.yarnpkg.com/color-convert/-/color-convert-2.0.1.tgz#72d3a68d598c9bdb3af2ad1e84f21d896abd4de3"
  dependencies:
    color-name "~1.1.4"

color-name@1.1.1:
  version "1.1.1"
  resolved "https://registry.yarnpkg.com/color-name/-/color-name-1.1.1.tgz#4b1415304cf50028ea81643643bd82ea05803689"

color-name@~1.1.4:
  version "1.1.4"
  resolved "https://registry.yarnpkg.com/color-name/-/color-name-1.1.4.tgz#c2a09a87acbde69543de6f63fa3995c826c536a2"

concat-map@0.0.1:
  version "0.0.1"
  resolved "https://registry.yarnpkg.com/concat-map/-/concat-map-0.0.1.tgz#d8a96bd77fd68df7793a73036a3ba0d5405d477b"

confusing-browser-globals@1.0.9:
  version "1.0.9"
  resolved "https://registry.yarnpkg.com/confusing-browser-globals/-/confusing-browser-globals-1.0.9.tgz#72bc13b483c0276801681871d4898516f8f54fdd"

cross-spawn@^7.0.2:
  version "7.0.3"
  resolved "https://registry.yarnpkg.com/cross-spawn/-/cross-spawn-7.0.3.tgz#f73a85b9d5d41d045551c177e2882d4ac85728a6"
  dependencies:
    path-key "^3.1.0"
    shebang-command "^2.0.0"
    which "^2.0.1"

debug@^4.0.1:
  version "4.1.1"
  resolved "https://registry.yarnpkg.com/debug/-/debug-4.1.1.tgz#3b72260255109c6b589cee050f1d516139664791"
  dependencies:
    ms "^2.1.1"

deep-is@^0.1.3:
  version "0.1.3"
  resolved "https://registry.yarnpkg.com/deep-is/-/deep-is-0.1.3.tgz#b369d6fb5dbc13eecf524f91b070feedc357cf34"

doctrine@^3.0.0:
  version "3.0.0"
  resolved "https://registry.yarnpkg.com/doctrine/-/doctrine-3.0.0.tgz#addebead72a6574db783639dc87a121773973961"
  dependencies:
    esutils "^2.0.2"

emoji-regex@^7.0.1:
  version "7.0.3"
  resolved "https://registry.yarnpkg.com/emoji-regex/-/emoji-regex-7.0.3.tgz#933a04052860c85e83c122479c4748a8e4c72156"

enquirer@^2.3.5:
  version "2.3.5"
  resolved "https://registry.yarnpkg.com/enquirer/-/enquirer-2.3.5.tgz#3ab2b838df0a9d8ab9e7dff235b0e8712ef92381"
  dependencies:
    ansi-colors "^3.2.1"

error-ex@^1.3.1:
  version "1.3.2"
  resolved "https://registry.yarnpkg.com/error-ex/-/error-ex-1.3.2.tgz#b4ac40648107fdcdcfae242f428bea8a14d4f1bf"
  dependencies:
    is-arrayish "^0.2.1"

escape-string-regexp@^1.0.5:
  version "1.0.5"
  resolved "https://registry.yarnpkg.com/escape-string-regexp/-/escape-string-regexp-1.0.5.tgz#1b61c0562190a8dff6ae3bb2cf0200ca130b86d4"

eslint-ast-utils@^1.1.0:
  version "1.1.0"
  resolved "https://registry.yarnpkg.com/eslint-ast-utils/-/eslint-ast-utils-1.1.0.tgz#3d58ba557801cfb1c941d68131ee9f8c34bd1586"
  dependencies:
    lodash.get "^4.4.2"
    lodash.zip "^4.2.0"

eslint-config-xo-space@^0.25.0:
  version "0.25.0"
  resolved "https://registry.yarnpkg.com/eslint-config-xo-space/-/eslint-config-xo-space-0.25.0.tgz#143f0c535b86419403f9213f71c63dfda46356ef"
  dependencies:
    eslint-config-xo "^0.30.0"

eslint-config-xo@^0.30.0:
  version "0.30.0"
  resolved "https://registry.yarnpkg.com/eslint-config-xo/-/eslint-config-xo-0.30.0.tgz#a5d731e8e8ac9b65a0581dcc46be0bd84d837e32"
  dependencies:
    confusing-browser-globals "1.0.9"

eslint-plugin-es@^3.0.0:
  version "3.0.1"
  resolved "https://registry.yarnpkg.com/eslint-plugin-es/-/eslint-plugin-es-3.0.1.tgz#75a7cdfdccddc0589934aeeb384175f221c57893"
  dependencies:
    eslint-utils "^2.0.0"
    regexpp "^3.0.0"

eslint-plugin-mocha@^8.0.0:
  version "8.0.0"
  resolved "https://registry.yarnpkg.com/eslint-plugin-mocha/-/eslint-plugin-mocha-8.0.0.tgz#7ec5d228bcb3735301701dfbc3376320a1ca3791"
  dependencies:
    eslint-utils "^2.1.0"
    ramda "^0.27.1"

eslint-plugin-node@^11.1.0:
  version "11.1.0"
  resolved "https://registry.yarnpkg.com/eslint-plugin-node/-/eslint-plugin-node-11.1.0.tgz#c95544416ee4ada26740a30474eefc5402dc671d"
  dependencies:
    eslint-plugin-es "^3.0.0"
    eslint-utils "^2.0.0"
    ignore "^5.1.1"
    minimatch "^3.0.4"
    resolve "^1.10.1"
    semver "^6.1.0"

eslint-plugin-unicorn@^21.0.0:
  version "21.0.0"
  resolved "https://registry.yarnpkg.com/eslint-plugin-unicorn/-/eslint-plugin-unicorn-21.0.0.tgz#7e3a8b0f725f003619e1f40d769939ecd8d708d0"
  dependencies:
    ci-info "^2.0.0"
    clean-regexp "^1.0.0"
    eslint-ast-utils "^1.1.0"
    eslint-template-visitor "^2.0.0"
    eslint-utils "^2.1.0"
    import-modules "^2.0.0"
    lodash "^4.17.15"
    pluralize "^8.0.0"
    read-pkg-up "^7.0.1"
    regexp-tree "^0.1.21"
    reserved-words "^0.1.2"
    safe-regex "^2.1.1"
    semver "^7.3.2"

eslint-scope@^5.1.0:
  version "5.1.0"
  resolved "https://registry.yarnpkg.com/eslint-scope/-/eslint-scope-5.1.0.tgz#d0f971dfe59c69e0cada684b23d49dbf82600ce5"
  dependencies:
    esrecurse "^4.1.0"
    estraverse "^4.1.1"

eslint-template-visitor@^2.0.0:
  version "2.0.0"
  resolved "https://registry.yarnpkg.com/eslint-template-visitor/-/eslint-template-visitor-2.0.0.tgz#7cb6471ed29a53ab28a1dcbfca38355251c2be06"
  dependencies:
    eslint-visitor-keys "^1.1.0"
    espree "^7.0.0"
    multimap "^1.1.0"

eslint-utils@^2.0.0, eslint-utils@^2.1.0:
  version "2.1.0"
  resolved "https://registry.yarnpkg.com/eslint-utils/-/eslint-utils-2.1.0.tgz#d2de5e03424e707dc10c74068ddedae708741b27"
  dependencies:
    eslint-visitor-keys "^1.1.0"

eslint-visitor-keys@^1.1.0, eslint-visitor-keys@^1.3.0:
  version "1.3.0"
  resolved "https://registry.yarnpkg.com/eslint-visitor-keys/-/eslint-visitor-keys-1.3.0.tgz#30ebd1ef7c2fdff01c3a4f151044af25fab0523e"

eslint@^7.3.1:
  version "7.6.0"
  resolved "https://registry.yarnpkg.com/eslint/-/eslint-7.6.0.tgz#522d67cfaea09724d96949c70e7a0550614d64d6"
  dependencies:
    "@babel/code-frame" "^7.0.0"
    ajv "^6.10.0"
    chalk "^4.0.0"
    cross-spawn "^7.0.2"
    debug "^4.0.1"
    doctrine "^3.0.0"
    enquirer "^2.3.5"
    eslint-scope "^5.1.0"
    eslint-utils "^2.1.0"
    eslint-visitor-keys "^1.3.0"
    espree "^7.2.0"
    esquery "^1.2.0"
    esutils "^2.0.2"
    file-entry-cache "^5.0.1"
    functional-red-black-tree "^1.0.1"
    glob-parent "^5.0.0"
    globals "^12.1.0"
    ignore "^4.0.6"
    import-fresh "^3.0.0"
    imurmurhash "^0.1.4"
    is-glob "^4.0.0"
    js-yaml "^3.13.1"
    json-stable-stringify-without-jsonify "^1.0.1"
    levn "^0.4.1"
    lodash "^4.17.19"
    minimatch "^3.0.4"
    natural-compare "^1.4.0"
    optionator "^0.9.1"
    progress "^2.0.0"
    regexpp "^3.1.0"
    semver "^7.2.1"
    strip-ansi "^6.0.0"
    strip-json-comments "^3.1.0"
    table "^5.2.3"
    text-table "^0.2.0"
    v8-compile-cache "^2.0.3"

espree@^7.0.0, espree@^7.2.0:
  version "7.2.0"
  resolved "https://registry.yarnpkg.com/espree/-/espree-7.2.0.tgz#1c263d5b513dbad0ac30c4991b93ac354e948d69"
  dependencies:
    acorn "^7.3.1"
    acorn-jsx "^5.2.0"
    eslint-visitor-keys "^1.3.0"

esprima@^4.0.0:
  version "4.0.1"
  resolved "https://registry.yarnpkg.com/esprima/-/esprima-4.0.1.tgz#13b04cdb3e6c5d19df91ab6987a8695619b0aa71"

esquery@^1.2.0:
  version "1.3.1"
  resolved "https://registry.yarnpkg.com/esquery/-/esquery-1.3.1.tgz#b78b5828aa8e214e29fb74c4d5b752e1c033da57"
  dependencies:
    estraverse "^5.1.0"

esrecurse@^4.1.0:
  version "4.2.1"
  resolved "https://registry.yarnpkg.com/esrecurse/-/esrecurse-4.2.1.tgz#007a3b9fdbc2b3bb87e4879ea19c92fdbd3942cf"
  dependencies:
    estraverse "^4.1.0"

estraverse@^4.1.0, estraverse@^4.1.1:
  version "4.2.0"
  resolved "https://registry.yarnpkg.com/estraverse/-/estraverse-4.2.0.tgz#0dee3fed31fcd469618ce7342099fc1afa0bdb13"

estraverse@^5.1.0:
  version "5.1.0"
  resolved "https://registry.yarnpkg.com/estraverse/-/estraverse-5.1.0.tgz#374309d39fd935ae500e7b92e8a6b4c720e59642"

esutils@^2.0.2:
  version "2.0.2"
  resolved "https://registry.yarnpkg.com/esutils/-/esutils-2.0.2.tgz#0abf4f1caa5bcb1f7a9d8acc6dea4faaa04bac9b"

fast-deep-equal@^3.1.1:
  version "3.1.3"
  resolved "https://registry.yarnpkg.com/fast-deep-equal/-/fast-deep-equal-3.1.3.tgz#3a7d56b559d6cbc3eb512325244e619a65c6c525"

fast-json-stable-stringify@^2.0.0:
  version "2.0.0"
  resolved "https://registry.yarnpkg.com/fast-json-stable-stringify/-/fast-json-stable-stringify-2.0.0.tgz#d5142c0caee6b1189f87d3a76111064f86c8bbf2"

fast-levenshtein@^2.0.6:
  version "2.0.6"
  resolved "https://registry.yarnpkg.com/fast-levenshtein/-/fast-levenshtein-2.0.6.tgz#3d8a5c66883a16a30ca8643e851f19baa7797917"

file-entry-cache@^5.0.1:
  version "5.0.1"
  resolved "https://registry.yarnpkg.com/file-entry-cache/-/file-entry-cache-5.0.1.tgz#ca0f6efa6dd3d561333fb14515065c2fafdf439c"
  dependencies:
    flat-cache "^2.0.1"

find-up@^4.1.0:
  version "4.1.0"
  resolved "https://registry.yarnpkg.com/find-up/-/find-up-4.1.0.tgz#97afe7d6cdc0bc5928584b7c8d7b16e8a9aa5d19"
  dependencies:
    locate-path "^5.0.0"
    path-exists "^4.0.0"

flat-cache@^2.0.1:
  version "2.0.1"
  resolved "https://registry.yarnpkg.com/flat-cache/-/flat-cache-2.0.1.tgz#5d296d6f04bda44a4630a301413bdbc2ec085ec0"
  dependencies:
    flatted "^2.0.0"
    rimraf "2.6.3"
    write "1.0.3"

flatted@^2.0.0:
  version "2.0.2"
  resolved "https://registry.yarnpkg.com/flatted/-/flatted-2.0.2.tgz#4575b21e2bcee7434aa9be662f4b7b5f9c2b5138"

fs.realpath@^1.0.0:
  version "1.0.0"
  resolved "https://registry.yarnpkg.com/fs.realpath/-/fs.realpath-1.0.0.tgz#1504ad2523158caa40db4a2787cb01411994ea4f"

functional-red-black-tree@^1.0.1:
  version "1.0.1"
  resolved "https://registry.yarnpkg.com/functional-red-black-tree/-/functional-red-black-tree-1.0.1.tgz#1b0ab3bd553b2a0d6399d29c0e3ea0b252078327"

glob-parent@^5.0.0:
  version "5.1.1"
  resolved "https://registry.yarnpkg.com/glob-parent/-/glob-parent-5.1.1.tgz#b6c1ef417c4e5663ea498f1c45afac6916bbc229"
  dependencies:
    is-glob "^4.0.1"

glob@^7.1.3:
  version "7.1.6"
  resolved "https://registry.yarnpkg.com/glob/-/glob-7.1.6.tgz#141f33b81a7c2492e125594307480c46679278a6"
  dependencies:
    fs.realpath "^1.0.0"
    inflight "^1.0.4"
    inherits "2"
    minimatch "^3.0.4"
    once "^1.3.0"
    path-is-absolute "^1.0.0"

globals@^12.1.0:
  version "12.4.0"
  resolved "https://registry.yarnpkg.com/globals/-/globals-12.4.0.tgz#a18813576a41b00a24a97e7f815918c2e19925f8"
  dependencies:
    type-fest "^0.8.1"

has-flag@^3.0.0:
  version "3.0.0"
  resolved "https://registry.yarnpkg.com/has-flag/-/has-flag-3.0.0.tgz#b5d454dc2199ae225699f3467e5a07f3b955bafd"

has-flag@^4.0.0:
  version "4.0.0"
  resolved "https://registry.yarnpkg.com/has-flag/-/has-flag-4.0.0.tgz#944771fd9c81c81265c4d6941860da06bb59479b"

hosted-git-info@^2.1.4:
  version "2.8.8"
  resolved "https://registry.yarnpkg.com/hosted-git-info/-/hosted-git-info-2.8.8.tgz#7539bd4bc1e0e0a895815a2e0262420b12858488"

ignore@^4.0.6:
  version "4.0.6"
  resolved "https://registry.yarnpkg.com/ignore/-/ignore-4.0.6.tgz#750e3db5862087b4737ebac8207ffd1ef27b25fc"

ignore@^5.1.1:
  version "5.1.8"
  resolved "https://registry.yarnpkg.com/ignore/-/ignore-5.1.8.tgz#f150a8b50a34289b33e22f5889abd4d8016f0e57"

import-fresh@^3.0.0:
  version "3.2.1"
  resolved "https://registry.yarnpkg.com/import-fresh/-/import-fresh-3.2.1.tgz#633ff618506e793af5ac91bf48b72677e15cbe66"
  dependencies:
    parent-module "^1.0.0"
    resolve-from "^4.0.0"

import-modules@^2.0.0:
  version "2.0.0"
  resolved "https://registry.yarnpkg.com/import-modules/-/import-modules-2.0.0.tgz#9c1e13b4e7a15682f70a6e3fa29534e4540cfc5d"

imurmurhash@^0.1.4:
  version "0.1.4"
  resolved "https://registry.yarnpkg.com/imurmurhash/-/imurmurhash-0.1.4.tgz#9218b9b2b928a238b13dc4fb6b6d576f231453ea"

inflight@^1.0.4:
  version "1.0.6"
  resolved "https://registry.yarnpkg.com/inflight/-/inflight-1.0.6.tgz#49bd6331d7d02d0c09bc910a1075ba8165b56df9"
  dependencies:
    once "^1.3.0"
    wrappy "1"

inherits@2:
  version "2.0.3"
  resolved "https://registry.yarnpkg.com/inherits/-/inherits-2.0.3.tgz#633c2c83e3da42a502f52466022480f4208261de"

is-arrayish@^0.2.1:
  version "0.2.1"
  resolved "https://registry.yarnpkg.com/is-arrayish/-/is-arrayish-0.2.1.tgz#77c99840527aa8ecb1a8ba697b80645a7a926a9d"

is-extglob@^2.1.1:
  version "2.1.1"
  resolved "https://registry.yarnpkg.com/is-extglob/-/is-extglob-2.1.1.tgz#a88c02535791f02ed37c76a1b9ea9773c833f8c2"

is-fullwidth-code-point@^2.0.0:
  version "2.0.0"
  resolved "https://registry.yarnpkg.com/is-fullwidth-code-point/-/is-fullwidth-code-point-2.0.0.tgz#a3b30a5c4f199183167aaab93beefae3ddfb654f"

is-glob@^4.0.0, is-glob@^4.0.1:
  version "4.0.1"
  resolved "https://registry.yarnpkg.com/is-glob/-/is-glob-4.0.1.tgz#7567dbe9f2f5e2467bc77ab83c4a29482407a5dc"
  dependencies:
    is-extglob "^2.1.1"

isexe@^2.0.0:
  version "2.0.0"
  resolved "https://registry.yarnpkg.com/isexe/-/isexe-2.0.0.tgz#e8fbf374dc556ff8947a10dcb0572d633f2cfa10"

js-tokens@^4.0.0:
  version "4.0.0"
  resolved "https://registry.yarnpkg.com/js-tokens/-/js-tokens-4.0.0.tgz#19203fb59991df98e3a287050d4647cdeaf32499"

js-yaml@^3.13.1:
  version "3.14.0"
  resolved "https://registry.yarnpkg.com/js-yaml/-/js-yaml-3.14.0.tgz#a7a34170f26a21bb162424d8adacb4113a69e482"
  dependencies:
    argparse "^1.0.7"
    esprima "^4.0.0"

json-parse-better-errors@^1.0.1:
  version "1.0.2"
  resolved "https://registry.yarnpkg.com/json-parse-better-errors/-/json-parse-better-errors-1.0.2.tgz#bb867cfb3450e69107c131d1c514bab3dc8bcaa9"

json-schema-traverse@^0.4.1:
  version "0.4.1"
  resolved "https://registry.yarnpkg.com/json-schema-traverse/-/json-schema-traverse-0.4.1.tgz#69f6a87d9513ab8bb8fe63bdb0979c448e684660"

json-stable-stringify-without-jsonify@^1.0.1:
  version "1.0.1"
  resolved "https://registry.yarnpkg.com/json-stable-stringify-without-jsonify/-/json-stable-stringify-without-jsonify-1.0.1.tgz#9db7b59496ad3f3cfef30a75142d2d930ad72651"

levn@^0.4.1:
  version "0.4.1"
  resolved "https://registry.yarnpkg.com/levn/-/levn-0.4.1.tgz#ae4562c007473b932a6200d403268dd2fffc6ade"
  dependencies:
    prelude-ls "^1.2.1"
    type-check "~0.4.0"

lines-and-columns@^1.1.6:
  version "1.1.6"
  resolved "https://registry.yarnpkg.com/lines-and-columns/-/lines-and-columns-1.1.6.tgz#1c00c743b433cd0a4e80758f7b64a57440d9ff00"

locate-path@^5.0.0:
  version "5.0.0"
  resolved "https://registry.yarnpkg.com/locate-path/-/locate-path-5.0.0.tgz#1afba396afd676a6d42504d0a67a3a7eb9f62aa0"
  dependencies:
    p-locate "^4.1.0"

lodash.get@^4.4.2:
  version "4.4.2"
  resolved "https://registry.yarnpkg.com/lodash.get/-/lodash.get-4.4.2.tgz#2d177f652fa31e939b4438d5341499dfa3825e99"

lodash.zip@^4.2.0:
  version "4.2.0"
  resolved "https://registry.yarnpkg.com/lodash.zip/-/lodash.zip-4.2.0.tgz#ec6662e4896408ed4ab6c542a3990b72cc080020"

lodash@^4.17.14, lodash@^4.17.15, lodash@^4.17.19:
  version "4.17.19"
  resolved "https://registry.yarnpkg.com/lodash/-/lodash-4.17.19.tgz#e48ddedbe30b3321783c5b4301fbd353bc1e4a4b"

minimatch@^3.0.4:
  version "3.0.4"
  resolved "https://registry.yarnpkg.com/minimatch/-/minimatch-3.0.4.tgz#5166e286457f03306064be5497e8dbb0c3d32083"
  dependencies:
    brace-expansion "^1.1.7"

minimist@0.0.8:
  version "0.0.8"
  resolved "https://registry.yarnpkg.com/minimist/-/minimist-0.0.8.tgz#857fcabfc3397d2625b8228262e86aa7a011b05d"

mkdirp@^0.5.1:
  version "0.5.1"
  resolved "https://registry.yarnpkg.com/mkdirp/-/mkdirp-0.5.1.tgz#30057438eac6cf7f8c4767f38648d6697d75c903"
  dependencies:
    minimist "0.0.8"

ms@^2.1.1:
  version "2.1.2"
  resolved "https://registry.yarnpkg.com/ms/-/ms-2.1.2.tgz#d09d1f357b443f493382a8eb3ccd183872ae6009"

multimap@^1.1.0:
  version "1.1.0"
  resolved "https://registry.yarnpkg.com/multimap/-/multimap-1.1.0.tgz#5263febc085a1791c33b59bb3afc6a76a2a10ca8"

natural-compare@^1.4.0:
  version "1.4.0"
  resolved "https://registry.yarnpkg.com/natural-compare/-/natural-compare-1.4.0.tgz#4abebfeed7541f2c27acfb29bdbbd15c8d5ba4f7"

normalize-package-data@^2.5.0:
  version "2.5.0"
  resolved "https://registry.yarnpkg.com/normalize-package-data/-/normalize-package-data-2.5.0.tgz#e66db1838b200c1dfc233225d12cb36520e234a8"
  dependencies:
    hosted-git-info "^2.1.4"
    resolve "^1.10.0"
    semver "2 || 3 || 4 || 5"
    validate-npm-package-license "^3.0.1"

once@^1.3.0:
  version "1.4.0"
  resolved "https://registry.yarnpkg.com/once/-/once-1.4.0.tgz#583b1aa775961d4b113ac17d9c50baef9dd76bd1"
  dependencies:
    wrappy "1"

optionator@^0.9.1:
  version "0.9.1"
  resolved "https://registry.yarnpkg.com/optionator/-/optionator-0.9.1.tgz#4f236a6373dae0566a6d43e1326674f50c291499"
  dependencies:
    deep-is "^0.1.3"
    fast-levenshtein "^2.0.6"
    levn "^0.4.1"
    prelude-ls "^1.2.1"
    type-check "^0.4.0"
    word-wrap "^1.2.3"

p-limit@^2.2.0:
  version "2.3.0"
  resolved "https://registry.yarnpkg.com/p-limit/-/p-limit-2.3.0.tgz#3dd33c647a214fdfffd835933eb086da0dc21db1"
  dependencies:
    p-try "^2.0.0"

p-locate@^4.1.0:
  version "4.1.0"
  resolved "https://registry.yarnpkg.com/p-locate/-/p-locate-4.1.0.tgz#a3428bb7088b3a60292f66919278b7c297ad4f07"
  dependencies:
    p-limit "^2.2.0"

p-try@^2.0.0:
  version "2.2.0"
  resolved "https://registry.yarnpkg.com/p-try/-/p-try-2.2.0.tgz#cb2868540e313d61de58fafbe35ce9004d5540e6"

parent-module@^1.0.0:
  version "1.0.1"
  resolved "https://registry.yarnpkg.com/parent-module/-/parent-module-1.0.1.tgz#691d2709e78c79fae3a156622452d00762caaaa2"
  dependencies:
    callsites "^3.0.0"

parse-json@^5.0.0:
  version "5.0.0"
  resolved "https://registry.yarnpkg.com/parse-json/-/parse-json-5.0.0.tgz#73e5114c986d143efa3712d4ea24db9a4266f60f"
  dependencies:
    "@babel/code-frame" "^7.0.0"
    error-ex "^1.3.1"
    json-parse-better-errors "^1.0.1"
    lines-and-columns "^1.1.6"

path-exists@^4.0.0:
  version "4.0.0"
  resolved "https://registry.yarnpkg.com/path-exists/-/path-exists-4.0.0.tgz#513bdbe2d3b95d7762e8c1137efa195c6c61b5b3"

path-is-absolute@^1.0.0:
  version "1.0.1"
  resolved "https://registry.yarnpkg.com/path-is-absolute/-/path-is-absolute-1.0.1.tgz#174b9268735534ffbc7ace6bf53a5a9e1b5c5f5f"

path-key@^3.1.0:
  version "3.1.1"
  resolved "https://registry.yarnpkg.com/path-key/-/path-key-3.1.1.tgz#581f6ade658cbba65a0d3380de7753295054f375"

path-parse@^1.0.6:
  version "1.0.6"
  resolved "https://registry.yarnpkg.com/path-parse/-/path-parse-1.0.6.tgz#d62dbb5679405d72c4737ec58600e9ddcf06d24c"

pluralize@^8.0.0:
  version "8.0.0"
  resolved "https://registry.yarnpkg.com/pluralize/-/pluralize-8.0.0.tgz#1a6fa16a38d12a1901e0320fa017051c539ce3b1"

prelude-ls@^1.2.1:
  version "1.2.1"
  resolved "https://registry.yarnpkg.com/prelude-ls/-/prelude-ls-1.2.1.tgz#debc6489d7a6e6b0e7611888cec880337d316396"

progress@^2.0.0:
  version "2.0.0"
  resolved "https://registry.yarnpkg.com/progress/-/progress-2.0.0.tgz#8a1be366bf8fc23db2bd23f10c6fe920b4389d1f"

punycode@^2.1.0:
  version "2.1.1"
  resolved "https://registry.yarnpkg.com/punycode/-/punycode-2.1.1.tgz#b58b010ac40c22c5657616c8d2c2c02c7bf479ec"

ramda@^0.27.1:
  version "0.27.1"
  resolved "https://registry.yarnpkg.com/ramda/-/ramda-0.27.1.tgz#66fc2df3ef873874ffc2da6aa8984658abacf5c9"

read-pkg-up@^7.0.1:
  version "7.0.1"
  resolved "https://registry.yarnpkg.com/read-pkg-up/-/read-pkg-up-7.0.1.tgz#f3a6135758459733ae2b95638056e1854e7ef507"
  dependencies:
    find-up "^4.1.0"
    read-pkg "^5.2.0"
    type-fest "^0.8.1"

read-pkg@^5.2.0:
  version "5.2.0"
  resolved "https://registry.yarnpkg.com/read-pkg/-/read-pkg-5.2.0.tgz#7bf295438ca5a33e56cd30e053b34ee7250c93cc"
  dependencies:
    "@types/normalize-package-data" "^2.4.0"
    normalize-package-data "^2.5.0"
    parse-json "^5.0.0"
    type-fest "^0.6.0"

regexp-tree@^0.1.21, regexp-tree@~0.1.1:
  version "0.1.21"
  resolved "https://registry.yarnpkg.com/regexp-tree/-/regexp-tree-0.1.21.tgz#55e2246b7f7d36f1b461490942fa780299c400d7"

regexpp@^3.0.0, regexpp@^3.1.0:
  version "3.1.0"
  resolved "https://registry.yarnpkg.com/regexpp/-/regexpp-3.1.0.tgz#206d0ad0a5648cffbdb8ae46438f3dc51c9f78e2"

reserved-words@^0.1.2:
  version "0.1.2"
  resolved "https://registry.yarnpkg.com/reserved-words/-/reserved-words-0.1.2.tgz#00a0940f98cd501aeaaac316411d9adc52b31ab1"

resolve-from@^4.0.0:
  version "4.0.0"
  resolved "https://registry.yarnpkg.com/resolve-from/-/resolve-from-4.0.0.tgz#4abcd852ad32dd7baabfe9b40e00a36db5f392e6"

resolve@^1.10.0, resolve@^1.10.1:
  version "1.17.0"
  resolved "https://registry.yarnpkg.com/resolve/-/resolve-1.17.0.tgz#b25941b54968231cc2d1bb76a79cb7f2c0bf8444"
  dependencies:
    path-parse "^1.0.6"

rimraf@2.6.3:
  version "2.6.3"
  resolved "https://registry.yarnpkg.com/rimraf/-/rimraf-2.6.3.tgz#b2d104fe0d8fb27cf9e0a1cda8262dd3833c6cab"
  dependencies:
    glob "^7.1.3"

safe-regex@^2.1.1:
  version "2.1.1"
  resolved "https://registry.yarnpkg.com/safe-regex/-/safe-regex-2.1.1.tgz#f7128f00d056e2fe5c11e81a1324dd974aadced2"
  dependencies:
    regexp-tree "~0.1.1"

"semver@2 || 3 || 4 || 5":
  version "5.7.1"
  resolved "https://registry.yarnpkg.com/semver/-/semver-5.7.1.tgz#a954f931aeba508d307bbf069eff0c01c96116f7"

semver@^6.1.0:
  version "6.3.0"
  resolved "https://registry.yarnpkg.com/semver/-/semver-6.3.0.tgz#ee0a64c8af5e8ceea67687b133761e1becbd1d3d"

semver@^7.2.1, semver@^7.3.2:
  version "7.3.2"
  resolved "https://registry.yarnpkg.com/semver/-/semver-7.3.2.tgz#604962b052b81ed0786aae84389ffba70ffd3938"

shebang-command@^2.0.0:
  version "2.0.0"
  resolved "https://registry.yarnpkg.com/shebang-command/-/shebang-command-2.0.0.tgz#ccd0af4f8835fbdc265b82461aaf0c36663f34ea"
  dependencies:
    shebang-regex "^3.0.0"

shebang-regex@^3.0.0:
  version "3.0.0"
  resolved "https://registry.yarnpkg.com/shebang-regex/-/shebang-regex-3.0.0.tgz#ae16f1644d873ecad843b0307b143362d4c42172"

slice-ansi@^2.1.0:
  version "2.1.0"
  resolved "https://registry.yarnpkg.com/slice-ansi/-/slice-ansi-2.1.0.tgz#cacd7693461a637a5788d92a7dd4fba068e81636"
  dependencies:
    ansi-styles "^3.2.0"
    astral-regex "^1.0.0"
    is-fullwidth-code-point "^2.0.0"

spdx-correct@^3.0.0:
  version "3.1.1"
  resolved "https://registry.yarnpkg.com/spdx-correct/-/spdx-correct-3.1.1.tgz#dece81ac9c1e6713e5f7d1b6f17d468fa53d89a9"
  dependencies:
    spdx-expression-parse "^3.0.0"
    spdx-license-ids "^3.0.0"

spdx-exceptions@^2.1.0:
  version "2.3.0"
  resolved "https://registry.yarnpkg.com/spdx-exceptions/-/spdx-exceptions-2.3.0.tgz#3f28ce1a77a00372683eade4a433183527a2163d"

spdx-expression-parse@^3.0.0:
  version "3.0.1"
  resolved "https://registry.yarnpkg.com/spdx-expression-parse/-/spdx-expression-parse-3.0.1.tgz#cf70f50482eefdc98e3ce0a6833e4a53ceeba679"
  dependencies:
    spdx-exceptions "^2.1.0"
    spdx-license-ids "^3.0.0"

spdx-license-ids@^3.0.0:
  version "3.0.5"
  resolved "https://registry.yarnpkg.com/spdx-license-ids/-/spdx-license-ids-3.0.5.tgz#3694b5804567a458d3c8045842a6358632f62654"

sprintf-js@~1.0.2:
  version "1.0.3"
  resolved "https://registry.yarnpkg.com/sprintf-js/-/sprintf-js-1.0.3.tgz#04e6926f662895354f3dd015203633b857297e2c"

string-width@^3.0.0:
  version "3.1.0"
  resolved "https://registry.yarnpkg.com/string-width/-/string-width-3.1.0.tgz#22767be21b62af1081574306f69ac51b62203961"
  dependencies:
    emoji-regex "^7.0.1"
    is-fullwidth-code-point "^2.0.0"
    strip-ansi "^5.1.0"

strip-ansi@^5.1.0:
  version "5.2.0"
  resolved "https://registry.yarnpkg.com/strip-ansi/-/strip-ansi-5.2.0.tgz#8c9a536feb6afc962bdfa5b104a5091c1ad9c0ae"
  dependencies:
    ansi-regex "^4.1.0"

strip-ansi@^6.0.0:
  version "6.0.0"
  resolved "https://registry.yarnpkg.com/strip-ansi/-/strip-ansi-6.0.0.tgz#0b1571dd7669ccd4f3e06e14ef1eed26225ae532"
  dependencies:
    ansi-regex "^5.0.0"

strip-json-comments@^3.1.0:
  version "3.1.0"
  resolved "https://registry.yarnpkg.com/strip-json-comments/-/strip-json-comments-3.1.0.tgz#7638d31422129ecf4457440009fba03f9f9ac180"

supports-color@^5.3.0:
  version "5.5.0"
  resolved "https://registry.yarnpkg.com/supports-color/-/supports-color-5.5.0.tgz#e2e69a44ac8772f78a1ec0b35b689df6530efc8f"
  dependencies:
    has-flag "^3.0.0"

supports-color@^7.1.0:
  version "7.1.0"
  resolved "https://registry.yarnpkg.com/supports-color/-/supports-color-7.1.0.tgz#68e32591df73e25ad1c4b49108a2ec507962bfd1"
  dependencies:
    has-flag "^4.0.0"

table@^5.2.3:
  version "5.4.6"
  resolved "https://registry.yarnpkg.com/table/-/table-5.4.6.tgz#1292d19500ce3f86053b05f0e8e7e4a3bb21079e"
  dependencies:
    ajv "^6.10.2"
    lodash "^4.17.14"
    slice-ansi "^2.1.0"
    string-width "^3.0.0"

text-table@^0.2.0:
  version "0.2.0"
  resolved "https://registry.yarnpkg.com/text-table/-/text-table-0.2.0.tgz#7f5ee823ae805207c00af2df4a84ec3fcfa570b4"

type-check@^0.4.0, type-check@~0.4.0:
  version "0.4.0"
  resolved "https://registry.yarnpkg.com/type-check/-/type-check-0.4.0.tgz#07b8203bfa7056c0657050e3ccd2c37730bab8f1"
  dependencies:
    prelude-ls "^1.2.1"

type-fest@^0.6.0:
  version "0.6.0"
  resolved "https://registry.yarnpkg.com/type-fest/-/type-fest-0.6.0.tgz#8d2a2370d3df886eb5c90ada1c5bf6188acf838b"

type-fest@^0.8.1:
  version "0.8.1"
  resolved "https://registry.yarnpkg.com/type-fest/-/type-fest-0.8.1.tgz#09e249ebde851d3b1e48d27c105444667f17b83d"

uri-js@^4.2.2:
  version "4.2.2"
  resolved "https://registry.yarnpkg.com/uri-js/-/uri-js-4.2.2.tgz#94c540e1ff772956e2299507c010aea6c8838eb0"
  dependencies:
    punycode "^2.1.0"

v8-compile-cache@^2.0.3:
  version "2.1.1"
  resolved "https://registry.yarnpkg.com/v8-compile-cache/-/v8-compile-cache-2.1.1.tgz#54bc3cdd43317bca91e35dcaf305b1a7237de745"

validate-npm-package-license@^3.0.1:
  version "3.0.4"
  resolved "https://registry.yarnpkg.com/validate-npm-package-license/-/validate-npm-package-license-3.0.4.tgz#fc91f6b9c7ba15c857f4cb2c5defeec39d4f410a"
  dependencies:
    spdx-correct "^3.0.0"
    spdx-expression-parse "^3.0.0"

which@^2.0.1:
  version "2.0.2"
  resolved "https://registry.yarnpkg.com/which/-/which-2.0.2.tgz#7c6a8dd0a636a0327e10b59c9286eee93f3f51b1"
  dependencies:
    isexe "^2.0.0"

word-wrap@^1.2.3:
  version "1.2.3"
  resolved "https://registry.yarnpkg.com/word-wrap/-/word-wrap-1.2.3.tgz#610636f6b1f703891bd34771ccb17fb93b47079c"

wrappy@1:
  version "1.0.2"
  resolved "https://registry.yarnpkg.com/wrappy/-/wrappy-1.0.2.tgz#b5243d8f3ec1aa35f1364605bc0d1036e30ab69f"

write@1.0.3:
  version "1.0.3"
  resolved "https://registry.yarnpkg.com/write/-/write-1.0.3.tgz#0800e14523b923a387e415123c865616aae0f5c3"
  dependencies:
    mkdirp "^0.5.1"
